Microsoft Visual Studio Solution File, Format Version 12.00
# Visual Studio Version 17
VisualStudioVersion = 17.5.2.0
MinimumVisualStudioVersion = 10.0.40219.1
Project("{FAE04EC0-301F-11D3-BF4B-00C04F79EFBC}") = "RestApiClient", "RestApiClient.csproj", "{CEA9DD04-EE01-F533-F205-3CC9CC7AB24B}"
EndProject
Global
	GlobalSection(SolutionConfigurationPlatforms) = preSolution
		Debug|Any CPU = Debug|Any CPU
		Release|Any CPU = Release|Any CPU
	EndGlobalSection
	GlobalSection(ProjectConfigurationPlatforms) = postSolution
		{CEA9DD04-EE01-F533-F205-3CC9CC7AB24B}.Debug|Any CPU.ActiveCfg = Debug|Any CPU
		{CEA9DD04-EE01-F533-F205-3CC9CC7AB24B}.Debug|Any CPU.Build.0 = Debug|Any CPU
		{CEA9DD04-EE01-F533-F205-3CC9CC7AB24B}.Release|Any CPU.ActiveCfg = Release|Any CPU
		{CEA9DD04-EE01-F533-F205-3CC9CC7AB24B}.Release|Any CPU.Build.0 = Release|Any CPU
	EndGlobalSection
	GlobalSection(SolutionProperties) = preSolution
		HideSolutionNode = FALSE
	EndGlobalSection
	GlobalSection(ExtensibilityGlobals) = postSolution
		SolutionGuid = {77FA085F-B82C-4CC9-9D15-50927371C9B7}
	EndGlobalSection
EndGlobal
